// !$*UTF8*$!
{
	archiveVersion = 1;
	classes = {
	};
	objectVersion = 46;
	objects = {

/* Begin PBXBuildFile section */
		FA57EFFD1D924041000B497F /* AppDelegate.swift in Sources */ = {isa = PBXBuildFile; fileRef = FA57EFFC1D924041000B497F /* AppDelegate.swift */; };
		FA57EFFF1D924041000B497F /* TipViewController.swift in Sources */ = {isa = PBXBuildFile; fileRef = FA57EFFE1D924041000B497F /* TipViewController.swift */; };
		FA57F0021D924041000B497F /* Main.storyboard in Resources */ = {isa = PBXBuildFile; fileRef = FA57F0001D924041000B497F /* Main.storyboard */; };
		FA57F0041D924041000B497F /* Assets.xcassets in Resources */ = {isa = PBXBuildFile; fileRef = FA57F0031D924041000B497F /* Assets.xcassets */; };
		FA57F0071D924041000B497F /* LaunchScreen.storyboard in Resources */ = {isa = PBXBuildFile; fileRef = FA57F0051D924041000B497F /* LaunchScreen.storyboard */; };
		FA57F0121D924041000B497F /* TippyTests.swift in Sources */ = {isa = PBXBuildFile; fileRef = FA57F0111D924041000B497F /* TippyTests.swift */; };
		FA57F01D1D924041000B497F /* TippyUITests.swift in Sources */ = {isa = PBXBuildFile; fileRef = FA57F01C1D924041000B497F /* TippyUITests.swift */; };
		FA57F02D1D925BA2000B497F /* SettingsViewController.swift in Sources */ = {isa = PBXBuildFile; fileRef = FA57F02C1D925BA2000B497F /* SettingsViewController.swift */; };
/* End PBXBuildFile section */

/* Begin PBXContainerItemProxy section */
		FA57F00E1D924041000B497F /* PBXContainerItemProxy */ = {
			isa = PBXContainerItemProxy;
			containerPortal = FA57EFF11D924041000B497F /* Project object */;
			proxyType = 1;
			remoteGlobalIDString = FA57EFF81D924041000B497F;
			remoteInfo = Tippy;
		};
		FA57F0191D924041000B497F /* PBXContainerItemProxy */ = {
			isa = PBXContainerItemProxy;
			containerPortal = FA57EFF11D924041000B497F /* Project object */;
			proxyType = 1;
			remoteGlobalIDString = FA57EFF81D924041000B497F;
			remoteInfo = Tippy;
		};
/* End PBXContainerItemProxy section */

/* Begin PBXFileReference section */
		FA57EFF91D924041000B497F /* Tippy.app */ = {isa = PBXFileReference; explicitFileType = wrapper.application; includeInIndex = 0; path = Tippy.app; sourceTree = BUILT_PRODUCTS_DIR; };
		FA57EFFC1D924041000B497F /* AppDelegate.swift */ = {isa = PBXFileReference; lastKnownFileType = sourcecode.swift; path = AppDelegate.swift; sourceTree = "<group>"; };
		FA57EFFE1D924041000B497F /* TipViewController.swift */ = {isa = PBXFileReference; lastKnownFileType = sourcecode.swift; path = TipViewController.swift; sourceTree = "<group>"; };
		FA57F0011D924041000B497F /* Base */ = {isa = PBXFileReference; lastKnownFileType = file.storyboard; name = Base; path = Base.lproj/Main.storyboard; sourceTree = "<group>"; };
		FA57F0031D924041000B497F /* Assets.xcassets */ = {isa = PBXFileReference; lastKnownFileType = folder.assetcatalog; path = Assets.xcassets; sourceTree = "<group>"; };
		FA57F0061D924041000B497F /* Base */ = {isa = PBXFileReference; lastKnownFileType = file.storyboard; name = Base; path = Base.lproj/LaunchScreen.storyboard; sourceTree = "<group>"; };
		FA57F0081D924041000B497F /* Info.plist */ = {isa = PBXFileReference; lastKnownFileType = text.plist.xml; path = Info.plist; sourceTree = "<group>"; };
		FA57F00D1D924041000B497F /* TippyTests.xctest */ = {isa = PBXFileReference; explicitFileType = wrapper.cfbundle; includeInIndex = 0; path = TippyTests.xctest; sourceTree = BUILT_PRODUCTS_DIR; };
		FA57F0111D924041000B497F /* TippyTests.swift */ = {isa = PBXFileReference; lastKnownFileType = sourcecode.swift; path = TippyTests.swift; sourceTree = "<group>"; };
		FA57F0131D924041000B497F /* Info.plist */ = {isa = PBXFileReference; lastKnownFileType = text.plist.xml; path = Info.plist; sourceTree = "<group>"; };
		FA57F0181D924041000B497F /* TippyUITests.xctest */ = {isa = PBXFileReference; explicitFileType = wrapper.cfbundle; includeInIndex = 0; path = TippyUITests.xctest; sourceTree = BUILT_PRODUCTS_DIR; };
		FA57F01C1D924041000B497F /* TippyUITests.swift */ = {isa = PBXFileReference; lastKnownFileType = sourcecode.swift; path = TippyUITests.swift; sourceTree = "<group>"; };
		FA57F01E1D924041000B497F /* Info.plist */ = {isa = PBXFileReference; lastKnownFileType = text.plist.xml; path = Info.plist; sourceTree = "<group>"; };
		FA57F02C1D925BA2000B497F /* SettingsViewController.swift */ = {isa = PBXFileReference; fileEncoding = 4; lastKnownFileType = sourcecode.swift; name = SettingsViewController.swift; path = ../SettingsViewController.swift; sourceTree = "<group>"; };
/* End PBXFileReference section */

/* Begin PBXFrameworksBuildPhase section */
		FA57EFF61D924041000B497F /* Frameworks */ = {
			isa = PBXFrameworksBuildPhase;
			buildActionMask = 2147483647;
			files = (
			);
			runOnlyForDeploymentPostprocessing = 0;
		};
		FA57F00A1D924041000B497F /* Frameworks */ = {
			isa = PBXFrameworksBuildPhase;
			buildActionMask = 2147483647;
			files = (
			);
			runOnlyForDeploymentPostprocessing = 0;
		};
		FA57F0151D924041000B497F /* Frameworks */ = {
			isa = PBXFrameworksBuildPhase;
			buildActionMask = 2147483647;
			files = (
			);
			runOnlyForDeploymentPostprocessing = 0;
		};
/* End PBXFrameworksBuildPhase section */

/* Begin PBXGroup section */
		FA57EFF01D924041000B497F = {
			isa = PBXGroup;
			children = (
				FA57EFFB1D924041000B497F /* Tippy */,
				FA57F0101D924041000B497F /* TippyTests */,
				FA57F01B1D924041000B497F /* TippyUITests */,
				FA57EFFA1D924041000B497F /* Products */,
			);
			sourceTree = "<group>";
		};
		FA57EFFA1D924041000B497F /* Products */ = {
			isa = PBXGroup;
			children = (
				FA57EFF91D924041000B497F /* Tippy.app */,
				FA57F00D1D924041000B497F /* TippyTests.xctest */,
				FA57F0181D924041000B497F /* TippyUITests.xctest */,
			);
			name = Products;
			sourceTree = "<group>";
		};
		FA57EFFB1D924041000B497F /* Tippy */ = {
			isa = PBXGroup;
			children = (
				FA57F02C1D925BA2000B497F /* SettingsViewController.swift */,
				FA57EFFC1D924041000B497F /* AppDelegate.swift */,
				FA57EFFE1D924041000B497F /* TipViewController.swift */,
				FA57F0001D924041000B497F /* Main.storyboard */,
				FA57F0031D924041000B497F /* Assets.xcassets */,
				FA57F0051D924041000B497F /* LaunchScreen.storyboard */,
				FA57F0081D924041000B497F /* Info.plist */,
			);
			path = Tippy;
			sourceTree = "<group>";
		};
		FA57F0101D924041000B497F /* TippyTests */ = {
			isa = PBXGroup;
			children = (
				FA57F0111D924041000B497F /* TippyTests.swift */,
				FA57F0131D924041000B497F /* Info.plist */,
			);
			path = TippyTests;
			sourceTree = "<group>";
		};
		FA57F01B1D924041000B497F /* TippyUITests */ = {
			isa = PBXGroup;
			children = (
				FA57F01C1D924041000B497F /* TippyUITests.swift */,
				FA57F01E1D924041000B497F /* Info.plist */,
			);
			path = TippyUITests;
			sourceTree = "<group>";
		};
/* End PBXGroup section */

/* Begin PBXNativeTarget section */
		FA57EFF81D924041000B497F /* Tippy */ = {
			isa = PBXNativeTarget;
			buildConfigurationList = FA57F0211D924041000B497F /* Build configuration list for PBXNativeTarget "Tippy" */;
			buildPhases = (
				FA57EFF51D924041000B497F /* Sources */,
				FA57EFF61D924041000B497F /* Frameworks */,
				FA57EFF71D924041000B497F /* Resources */,
			);
			buildRules = (
			);
			dependencies = (
			);
			name = Tippy;
			productName = Tippy;
			productReference = FA57EFF91D924041000B497F /* Tippy.app */;
			productType = "com.apple.product-type.application";
		};
		FA57F00C1D924041000B497F /* TippyTests */ = {
			isa = PBXNativeTarget;
			buildConfigurationList = FA57F0241D924041000B497F /* Build configuration list for PBXNativeTarget "TippyTests" */;
			buildPhases = (
				FA57F0091D924041000B497F /* Sources */,
				FA57F00A1D924041000B497F /* Frameworks */,
				FA57F00B1D924041000B497F /* Resources */,
			);
			buildRules = (
			);
			dependencies = (
				FA57F00F1D924041000B497F /* PBXTargetDependency */,
			);
			name = TippyTests;
			productName = TippyTests;
			productReference = FA57F00D1D924041000B497F /* TippyTests.xctest */;
			productType = "com.apple.product-type.bundle.unit-test";
		};
		FA57F0171D924041000B497F /* TippyUITests */ = {
			isa = PBXNativeTarget;
			buildConfigurationList = FA57F0271D924041000B497F /* Build configuration list for PBXNativeTarget "TippyUITests" */;
			buildPhases = (
				FA57F0141D924041000B497F /* Sources */,
				FA57F0151D924041000B497F /* Frameworks */,
				FA57F0161D924041000B497F /* Resources */,
			);
			buildRules = (
			);
			dependencies = (
				FA57F01A1D924041000B497F /* PBXTargetDependency */,
			);
			name = TippyUITests;
			productName = TippyUITests;
			productReference = FA57F0181D924041000B497F /* TippyUITests.xctest */;
			productType = "com.apple.product-type.bundle.ui-testing";
		};
/* End PBXNativeTarget section */

/* Begin PBXProject section */
		FA57EFF11D924041000B497F /* Project object */ = {
			isa = PBXProject;
			attributes = {
				LastSwiftUpdateCheck = 0800;
				LastUpgradeCheck = 0800;
				ORGANIZATIONNAME = "Alex Millet";
				TargetAttributes = {
					FA57EFF81D924041000B497F = {
						CreatedOnToolsVersion = 8.0;
						ProvisioningStyle = Automatic;
					};
					FA57F00C1D924041000B497F = {
						CreatedOnToolsVersion = 8.0;
						ProvisioningStyle = Automatic;
						TestTargetID = FA57EFF81D924041000B497F;
					};
					FA57F0171D924041000B497F = {
						CreatedOnToolsVersion = 8.0;
						ProvisioningStyle = Automatic;
						TestTargetID = FA57EFF81D924041000B497F;
					};
				};
			};
			buildConfigurationList = FA57EFF41D924041000B497F /* Build configuration list for PBXProject "Tippy" */;
			compatibilityVersion = "Xcode 3.2";
			developmentRegion = English;
			hasScannedForEncodings = 0;
			knownRegions = (
				en,
				Base,
			);
			mainGroup = FA57EFF01D924041000B497F;
			productRefGroup = FA57EFFA1D924041000B497F /* Products */;
			projectDirPath = "";
			projectRoot = "";
			targets = (
				FA57EFF81D924041000B497F /* Tippy */,
				FA57F00C1D924041000B497F /* TippyTests */,
				FA57F0171D924041000B497F /* TippyUITests */,
			);
		};
/* End PBXProject section */

/* Begin PBXResourcesBuildPhase section */
		FA57EFF71D924041000B497F /* Resources */ = {
			isa = PBXResourcesBuildPhase;
			buildActionMask = 2147483647;
			files = (
				FA57F0071D924041000B497F /* LaunchScreen.storyboard in Resources */,
				FA57F0041D924041000B497F /* Assets.xcassets in Resources */,
				FA57F0021D924041000B497F /* Main.storyboard in Resources */,
			);
			runOnlyForDeploymentPostprocessing = 0;
		};
		FA57F00B1D924041000B497F /* Resources */ = {
			isa = PBXResourcesBuildPhase;
			buildActionMask = 2147483647;
			files = (
			);
			runOnlyForDeploymentPostprocessing = 0;
		};
		FA57F0161D924041000B497F /* Resources */ = {
			isa = PBXResourcesBuildPhase;
			buildActionMask = 2147483647;
			files = (
			);
			runOnlyForDeploymentPostprocessing = 0;
		};
/* End PBXResourcesBuildPhase section */

/* Begin PBXSourcesBuildPhase section */
		FA57EFF51D924041000B497F /* Sources */ = {
			isa = PBXSourcesBuildPhase;
			buildActionMask = 2147483647;
			files = (
				FA57EFFF1D924041000B497F /* TipViewController.swift in Sources */,
				FA57EFFD1D924041000B497F /* AppDelegate.swift in Sources */,
				FA57F02D1D925BA2000B497F /* SettingsViewController.swift in Sources */,
			);
			runOnlyForDeploymentPostprocessing = 0;
		};
		FA57F0091D924041000B497F /* Sources */ = {
			isa = PBXSourcesBuildPhase;
			buildActionMask = 2147483647;
			files = (
				FA57F0121D924041000B497F /* TippyTests.swift in Sources */,
			);
			runOnlyForDeploymentPostprocessing = 0;
		};
		FA57F0141D924041000B497F /* Sources */ = {
			isa = PBXSourcesBuildPhase;
			buildActionMask = 2147483647;
			files = (
				FA57F01D1D924041000B497F /* TippyUITests.swift in Sources */,
			);
			runOnlyForDeploymentPostprocessing = 0;
		};
/* End PBXSourcesBuildPhase section */

/* Begin PBXTargetDependency section */
		FA57F00F1D924041000B497F /* PBXTargetDependency */ = {
			isa = PBXTargetDependency;
			target = FA57EFF81D924041000B497F /* Tippy */;
			targetProxy = FA57F00E1D924041000B497F /* PBXContainerItemProxy */;
		};
		FA57F01A1D924041000B497F /* PBXTargetDependency */ = {
			isa = PBXTargetDependency;
			target = FA57EFF81D924041000B497F /* Tippy */;
			targetProxy = FA57F0191D924041000B497F /* PBXContainerItemProxy */;
		};
/* End PBXTargetDependency section */

/* Begin PBXVariantGroup section */
		FA57F0001D924041000B497F /* Main.storyboard */ = {
			isa = PBXVariantGroup;
			children = (
				FA57F0011D924041000B497F /* Base */,
			);
			name = Main.storyboard;
			sourceTree = "<group>";
		};
		FA57F0051D924041000B497F /* LaunchScreen.storyboard */ = {
			isa = PBXVariantGroup;
			children = (
				FA57F0061D924041000B497F /* Base */,
			);
			name = LaunchScreen.storyboard;
			sourceTree = "<group>";
		};
/* End PBXVariantGroup section */

/* Begin XCBuildConfiguration section */
		FA57F01F1D924041000B497F /* Debug */ = {
			isa = XCBuildConfiguration;
			buildSettings = {
				ALWAYS_SEARCH_USER_PATHS = NO;
				CLANG_ANALYZER_NONNULL = YES;
				CLANG_CXX_LANGUAGE_STANDARD = "gnu++0x";
				CLANG_CXX_LIBRARY = "libc++";
				CLANG_ENABLE_MODULES = YES;
				CLANG_ENABLE_OBJC_ARC = YES;
				CLANG_WARN_BOOL_CONVERSION = YES;
				CLANG_WARN_CONSTANT_CONVERSION = YES;
				CLANG_WARN_DIRECT_OBJC_ISA_USAGE = YES_ERROR;
				CLANG_WARN_DOCUMENTATION_COMMENTS = YES;
				CLANG_WARN_EMPTY_BODY = YES;
				CLANG_WARN_ENUM_CONVERSION = YES;
				CLANG_WARN_INFINITE_RECURSION = YES;
				CLANG_WARN_INT_CONVERSION = YES;
				CLANG_WARN_OBJC_ROOT_CLASS = YES_ERROR;
				CLANG_WARN_SUSPICIOUS_MOVES = YES;
				CLANG_WARN_UNREACHABLE_CODE = YES;
				CLANG_WARN__DUPLICATE_METHOD_MATCH = YES;
				"CODE_SIGN_IDENTITY[sdk=iphoneos*]" = "iPhone Developer";
				COPY_PHASE_STRIP = NO;
				DEBUG_INFORMATION_FORMAT = dwarf;
				ENABLE_STRICT_OBJC_MSGSEND = YES;
				ENABLE_TESTABILITY = YES;
				GCC_C_LANGUAGE_STANDARD = gnu99;
				GCC_DYNAMIC_NO_PIC = NO;
				GCC_NO_COMMON_BLOCKS = YES;
				GCC_OPTIMIZATION_LEVEL = 0;
				GCC_PREPROCESSOR_DEFINITIONS = (
					"DEBUG=1",
					"$(inherited)",
				);
				GCC_WARN_64_TO_32_BIT_CONVERSION = YES;
				GCC_WARN_ABOUT_RETURN_TYPE = YES_ERROR;
				GCC_WARN_UNDECLARED_SELECTOR = YES;
				GCC_WARN_UNINITIALIZED_AUTOS = YES_AGGRESSIVE;
				GCC_WARN_UNUSED_FUNCTION = YES;
				GCC_WARN_UNUSED_VARIABLE = YES;
				IPHONEOS_DEPLOYMENT_TARGET = 10.0;
				MTL_ENABLE_DEBUG_INFO = YES;
				ONLY_ACTIVE_ARCH = YES;
				SDKROOT = iphoneos;
				SWIFT_ACTIVE_COMPILATION_CONDITIONS = DEBUG;
				SWIFT_OPTIMIZATION_LEVEL = "-Onone";
			};
			name = Debug;
		};
		FA57F0201D924041000B497F /* Release */ = {
			isa = XCBuildConfiguration;
			buildSettings = {
				ALWAYS_SEARCH_USER_PATHS = NO;
				CLANG_ANALYZER_NONNULL = YES;
				CLANG_CXX_LANGUAGE_STANDARD = "gnu++0x";
				CLANG_CXX_LIBRARY = "libc++";
				CLANG_ENABLE_MODULES = YES;
				CLANG_ENABLE_OBJC_ARC = YES;
				CLANG_WARN_BOOL_CONVERSION = YES;
				CLANG_WARN_CONSTANT_CONVERSION = YES;
				CLANG_WARN_DIRECT_OBJC_ISA_USAGE = YES_ERROR;
				CLANG_WARN_DOCUMENTATION_COMMENTS = YES;
				CLANG_WARN_EMPTY_BODY = YES;
				CLANG_WARN_ENUM_CONVERSION = YES;
				CLANG_WARN_INFINITE_RECURSION = YES;
				CLANG_WARN_INT_CONVERSION = YES;
				CLANG_WARN_OBJC_ROOT_CLASS = YES_ERROR;
				CLANG_WARN_SUSPICIOUS_MOVES = YES;
				CLANG_WARN_UNREACHABLE_CODE = YES;
				CLANG_WARN__DUPLICATE_METHOD_MATCH = YES;
				"CODE_SIGN_IDENTITY[sdk=iphoneos*]" = "iPhone Developer";
				COPY_PHASE_STRIP = NO;
				DEBUG_INFORMATION_FORMAT = "dwarf-with-dsym";
				ENABLE_NS_ASSERTIONS = NO;
				ENABLE_STRICT_OBJC_MSGSEND = YES;
				GCC_C_LANGUAGE_STANDARD = gnu99;
				GCC_NO_COMMON_BLOCKS = YES;
				GCC_WARN_64_TO_32_BIT_CONVERSION = YES;
				GCC_WARN_ABOUT_RETURN_TYPE = YES_ERROR;
				GCC_WARN_UNDECLARED_SELECTOR = YES;
				GCC_WARN_UNINITIALIZED_AUTOS = YES_AGGRESSIVE;
				GCC_WARN_UNUSED_FUNCTION = YES;
				GCC_WARN_UNUSED_VARIABLE = YES;
				IPHONEOS_DEPLOYMENT_TARGET = 10.0;
				MTL_ENABLE_DEBUG_INFO = NO;
				SDKROOT = iphoneos;
				SWIFT_OPTIMIZATION_LEVEL = "-Owholemodule";
				VALIDATE_PRODUCT = YES;
			};
			name = Release;
		};
		FA57F0221D924041000B497F /* Debug */ = {
			isa = XCBuildConfiguration;
			buildSettings = {
				ASSETCATALOG_COMPILER_APPICON_NAME = AppIcon;
				INFOPLIST_FILE = Tippy/Info.plist;
				LD_RUNPATH_SEARCH_PATHS = "$(inherited) @executable_path/Frameworks";
				PRODUCT_BUNDLE_IDENTIFIER = com.codepath.Tippy;
				PRODUCT_NAME = "$(TARGET_NAME)";
				SWIFT_VERSION = 3.0;
			};
			name = Debug;
		};
		FA57F0231D924041000B497F /* Release */ = {
			isa = XCBuildConfiguration;
			buildSettings = {
				ASSETCATALOG_COMPILER_APPICON_NAME = AppIcon;
				INFOPLIST_FILE = Tippy/Info.plist;
				LD_RUNPATH_SEARCH_PATHS = "$(inherited) @executable_path/Frameworks";
				PRODUCT_BUNDLE_IDENTIFIER = com.codepath.Tippy;
				PRODUCT_NAME = "$(TARGET_NAME)";
				SWIFT_VERSION = 3.0;
			};
			name = Release;
		};
		FA57F0251D924041000B497F /* Debug */ = {
			isa = XCBuildConfiguration;
			buildSettings = {
				ALWAYS_EMBED_SWIFT_STANDARD_LIBRARIES = YES;
				BUNDLE_LOADER = "$(TEST_HOST)";
				INFOPLIST_FILE = TippyTests/Info.plist;
				LD_RUNPATH_SEARCH_PATHS = "$(inherited) @executable_path/Frameworks @loader_path/Frameworks";
				PRODUCT_BUNDLE_IDENTIFIER = com.codepath.TippyTests;
				PRODUCT_NAME = "$(TARGET_NAME)";
				SWIFT_VERSION = 3.0;
				TEST_HOST = "$(BUILT_PRODUCTS_DIR)/Tippy.app/Tippy";
			};
			name = Debug;
		};
		FA57F0261D924041000B497F /* Release */ = {
			isa = XCBuildConfiguration;
			buildSettings = {
				ALWAYS_EMBED_SWIFT_STANDARD_LIBRARIES = YES;
				BUNDLE_LOADER = "$(TEST_HOST)";
				INFOPLIST_FILE = TippyTests/Info.plist;
				LD_RUNPATH_SEARCH_PATHS = "$(inherited) @executable_path/Frameworks @loader_path/Frameworks";
				PRODUCT_BUNDLE_IDENTIFIER = com.codepath.TippyTests;
				PRODUCT_NAME = "$(TARGET_NAME)";
				SWIFT_VERSION = 3.0;
				TEST_HOST = "$(BUILT_PRODUCTS_DIR)/Tippy.app/Tippy";
			};
			name = Release;
		};
		FA57F0281D924041000B497F /* Debug */ = {
			isa = XCBuildConfiguration;
			buildSettings = {
				ALWAYS_EMBED_SWIFT_STANDARD_LIBRARIES = YES;
				INFOPLIST_FILE = TippyUITests/Info.plist;
				LD_RUNPATH_SEARCH_PATHS = "$(inherited) @executable_path/Frameworks @loader_path/Frameworks";
				PRODUCT_BUNDLE_IDENTIFIER = com.codepath.TippyUITests;
				PRODUCT_NAME = "$(TARGET_NAME)";
				SWIFT_VERSION = 3.0;
				TEST_TARGET_NAME = Tippy;
			};
			name = Debug;
		};
		FA57F0291D924041000B497F /* Release */ = {
			isa = XCBuildConfiguration;
			buildSettings = {
				ALWAYS_EMBED_SWIFT_STANDARD_LIBRARIES = YES;
				INFOPLIST_FILE = TippyUITests/Info.plist;
				LD_RUNPATH_SEARCH_PATHS = "$(inherited) @executable_path/Frameworks @loader_path/Frameworks";
				PRODUCT_BUNDLE_IDENTIFIER = com.codepath.TippyUITests;
				PRODUCT_NAME = "$(TARGET_NAME)";
				SWIFT_VERSION = 3.0;
				TEST_TARGET_NAME = Tippy;
			};
			name = Release;
		};
/* End XCBuildConfiguration section */

/* Begin XCConfigurationList section */
		FA57EFF41D924041000B497F /* Build configuration list for PBXProject "Tippy" */ = {
			isa = XCConfigurationList;
			buildConfigurations = (
				FA57F01F1D924041000B497F /* Debug */,
				FA57F0201D924041000B497F /* Release */,
			);
			defaultConfigurationIsVisible = 0;
			defaultConfigurationName = Release;
		};
		FA57F0211D924041000B497F /* Build configuration list for PBXNativeTarget "Tippy" */ = {
			isa = XCConfigurationList;
			buildConfigurations = (
				FA57F0221D924041000B497F /* Debug */,
				FA57F0231D924041000B497F /* Release */,
			);
			defaultConfigurationIsVisible = 0;
			defaultConfigurationName = Release;
		};
		FA57F0241D924041000B497F /* Build configuration list for PBXNativeTarget "TippyTests" */ = {
			isa = XCConfigurationList;
			buildConfigurations = (
				FA57F0251D924041000B497F /* Debug */,
				FA57F0261D924041000B497F /* Release */,
			);
			defaultConfigurationIsVisible = 0;
			defaultConfigurationName = Release;
		};
		FA57F0271D924041000B497F /* Build configuration list for PBXNativeTarget "TippyUITests" */ = {
			isa = XCConfigurationList;
			buildConfigurations = (
				FA57F0281D924041000B497F /* Debug */,
				FA57F0291D924041000B497F /* Release */,
			);
			defaultConfigurationIsVisible = 0;
			defaultConfigurationName = Release;
		};
/* End XCConfigurationList section */
	};
	rootObject = FA57EFF11D924041000B497F /* Project object */;
}
